
Microsoft Visual Studio Solution File, Format Version 12.00
# Visual Studio Version 17
VisualStudioVersion = 17.3.32901.215
MinimumVisualStudioVersion = 10.0.40219.1
Project("{8BC9CEB8-8B4A-11D0-8D11-00A0C91BC942}") = "Functions", "Functions\Functions.vcxproj", "{A65654C4-9FBC-4F2C-8483-164A6497D519}"
EndProject
Global
	GlobalSection(SolutionConfigurationPlatforms) = preSolution
		Debug|x64 = Debug|x64
		Debug|x86 = Debug|x86
		Release|x64 = Release|x64
		Release|x86 = Release|x86
	EndGlobalSection
	GlobalSection(ProjectConfigurationPlatforms) = postSolution
		{A65654C4-9FBC-4F2C-8483-164A6497D519}.Debug|x64.ActiveCfg = Debug|x64
		{A65654C4-9FBC-4F2C-8483-164A6497D519}.Debug|x64.Build.0 = Debug|x64
		{A65654C4-9FBC-4F2C-8483-164A6497D519}.Debug|x86.ActiveCfg = Debug|Win32
		{A65654C4-9FBC-4F2C-8483-164A6497D519}.Debug|x86.Build.0 = Debug|Win32
		{A65654C4-9FBC-4F2C-8483-164A6497D519}.Release|x64.ActiveCfg = Release|x64
		{A65654C4-9FBC-4F2C-8483-164A6497D519}.Release|x64.Build.0 = Release|x64
		{A65654C4-9FBC-4F2C-8483-164A6497D519}.Release|x86.ActiveCfg = Release|Win32
		{A65654C4-9FBC-4F2C-8483-164A6497D519}.Release|x86.Build.0 = Release|Win32
	EndGlobalSection
	GlobalSection(SolutionProperties) = preSolution
		HideSolutionNode = FALSE
	EndGlobalSection
	GlobalSection(ExtensibilityGlobals) = postSolution
		SolutionGuid = {FE3F2C3E-ABD6-478C-B22A-4D4E81C8A1D2}
	EndGlobalSection
EndGlobal
